
Microsoft Visual Studio Solution File, Format Version 12.00
# Visual Studio 15
VisualStudioVersion = 15.0.28307.1300
MinimumVisualStudioVersion = 10.0.40219.1
Project("{FAE04EC0-301F-11D3-BF4B-00C04F79EFBC}") = "MvcProjectTest", "MvcProjectTest\MvcProjectTest.csproj", "{CF9A50A1-F6A3-4316-BDFA-5036B387B389}"
EndProject
Global
	GlobalSection(SolutionConfigurationPlatforms) = preSolution
		Debug|Any CPU = Debug|Any CPU
		Release|Any CPU = Release|Any CPU
	EndGlobalSection
	GlobalSection(ProjectConfigurationPlatforms) = postSolution
		{CF9A50A1-F6A3-4316-BDFA-5036B387B389}.Debug|Any CPU.ActiveCfg = Debug|Any CPU
		{CF9A50A1-F6A3-4316-BDFA-5036B387B389}.Debug|Any CPU.Build.0 = Debug|Any CPU
		{CF9A50A1-F6A3-4316-BDFA-5036B387B389}.Release|Any CPU.ActiveCfg = Release|Any CPU
		{CF9A50A1-F6A3-4316-BDFA-5036B387B389}.Release|Any CPU.Build.0 = Release|Any CPU
	EndGlobalSection
	GlobalSection(SolutionProperties) = preSolution
		HideSolutionNode = FALSE
	EndGlobalSection
	GlobalSection(ExtensibilityGlobals) = postSolution
		SolutionGuid = {BC7D216F-1164-4AED-A532-64BD33C7834F}
	EndGlobalSection
EndGlobal
